
Microsoft Visual Studio Solution File, Format Version 12.00
# Visual Studio Version 16
VisualStudioVersion = 16.0.29306.81
MinimumVisualStudioVersion = 10.0.40219.1
Project("{8BC9CEB8-8B4A-11D0-8D11-00A0C91BC942}") = "DS_Chapter2_WormKnight", "DS_Chapter2_WormKnight.vcxproj", "{170EB10F-18D0-42E9-9D4A-8E31FE5206F3}"
EndProject
Global
	GlobalSection(SolutionConfigurationPlatforms) = preSolution
		Debug|x64 = Debug|x64
		Debug|x86 = Debug|x86
		Release|x64 = Release|x64
		Release|x86 = Release|x86
	EndGlobalSection
	GlobalSection(ProjectConfigurationPlatforms) = postSolution
		{170EB10F-18D0-42E9-9D4A-8E31FE5206F3}.Debug|x64.ActiveCfg = Debug|x64
		{170EB10F-18D0-42E9-9D4A-8E31FE5206F3}.Debug|x64.Build.0 = Debug|x64
		{170EB10F-18D0-42E9-9D4A-8E31FE5206F3}.Debug|x86.ActiveCfg = Debug|Win32
		{170EB10F-18D0-42E9-9D4A-8E31FE5206F3}.Debug|x86.Build.0 = Debug|Win32
		{170EB10F-18D0-42E9-9D4A-8E31FE5206F3}.Release|x64.ActiveCfg = Release|x64
		{170EB10F-18D0-42E9-9D4A-8E31FE5206F3}.Release|x64.Build.0 = Release|x64
		{170EB10F-18D0-42E9-9D4A-8E31FE5206F3}.Release|x86.ActiveCfg = Release|Win32
		{170EB10F-18D0-42E9-9D4A-8E31FE5206F3}.Release|x86.Build.0 = Release|Win32
	EndGlobalSection
	GlobalSection(SolutionProperties) = preSolution
		HideSolutionNode = FALSE
	EndGlobalSection
	GlobalSection(ExtensibilityGlobals) = postSolution
		SolutionGuid = {F136B607-20E9-4CE0-803B-E4C01D73B879}
	EndGlobalSection
EndGlobal
