
Microsoft Visual Studio Solution File, Format Version 12.00
# Visual Studio Version 16
VisualStudioVersion = 16.0.29409.12
MinimumVisualStudioVersion = 10.0.40219.1
Project("{8BC9CEB8-8B4A-11D0-8D11-00A0C91BC942}") = "DataStructureChapter4LinkedList", "DataStructureChapter4LinkedList.vcxproj", "{FAC2AA3A-E47A-4FFB-8FA4-1109A301106B}"
EndProject
Global
	GlobalSection(SolutionConfigurationPlatforms) = preSolution
		Debug|x64 = Debug|x64
		Debug|x86 = Debug|x86
		Release|x64 = Release|x64
		Release|x86 = Release|x86
	EndGlobalSection
	GlobalSection(ProjectConfigurationPlatforms) = postSolution
		{FAC2AA3A-E47A-4FFB-8FA4-1109A301106B}.Debug|x64.ActiveCfg = Debug|x64
		{FAC2AA3A-E47A-4FFB-8FA4-1109A301106B}.Debug|x64.Build.0 = Debug|x64
		{FAC2AA3A-E47A-4FFB-8FA4-1109A301106B}.Debug|x86.ActiveCfg = Debug|Win32
		{FAC2AA3A-E47A-4FFB-8FA4-1109A301106B}.Debug|x86.Build.0 = Debug|Win32
		{FAC2AA3A-E47A-4FFB-8FA4-1109A301106B}.Release|x64.ActiveCfg = Release|x64
		{FAC2AA3A-E47A-4FFB-8FA4-1109A301106B}.Release|x64.Build.0 = Release|x64
		{FAC2AA3A-E47A-4FFB-8FA4-1109A301106B}.Release|x86.ActiveCfg = Release|Win32
		{FAC2AA3A-E47A-4FFB-8FA4-1109A301106B}.Release|x86.Build.0 = Release|Win32
	EndGlobalSection
	GlobalSection(SolutionProperties) = preSolution
		HideSolutionNode = FALSE
	EndGlobalSection
	GlobalSection(ExtensibilityGlobals) = postSolution
		SolutionGuid = {6577F56B-45B7-4DF0-9721-4E27BCCB2D46}
	EndGlobalSection
EndGlobal
